{
  "version": 4,
  "terraform_version": "1.5.3",
  "serial": 3,
  "lineage": "9df9625d-e1bd-9831-f474-09a91d9ae60c",
  "outputs": {},
  "resources": [
    {
      "mode": "managed",
      "type": "google_compute_instance",
      "name": "mahe-axiata",
      "provider": "provider[\"registry.terraform.io/hashicorp/google\"]",
      "instances": [
        {
          "schema_version": 6,
          "attributes": {
            "advanced_machine_features": [],
            "allow_stopping_for_update": null,
            "attached_disk": [],
            "boot_disk": [
              {
                "auto_delete": true,
                "device_name": "axiata",
                "disk_encryption_key_raw": "",
                "disk_encryption_key_sha256": "",
                "initialize_params": [
                  {
                    "image": "https://www.googleapis.com/compute/v1/projects/ubuntu-os-cloud/global/images/ubuntu-2004-focal-v20230724",
                    "labels": {},
                    "resource_manager_tags": null,
                    "size": 40,
                    "type": "pd-balanced"
                  }
                ],
                "kms_key_self_link": "",
                "mode": "READ_WRITE",
                "source": "https://www.googleapis.com/compute/v1/projects/fluid-tuner-391713/zones/us-west4-b/disks/mahe-axiata"
              }
            ],
            "can_ip_forward": false,
            "confidential_instance_config": [],
            "cpu_platform": "Intel Broadwell",
            "current_status": "RUNNING",
            "deletion_protection": false,
            "description": "",
            "desired_status": null,
            "enable_display": false,
            "guest_accelerator": [],
            "hostname": "",
            "id": "projects/fluid-tuner-391713/zones/us-west4-b/instances/mahe-axiata",
            "instance_id": "1373157973155113112",
            "label_fingerprint": "u__a2NSF3Cs=",
            "labels": {
              "goog-ec-src": "vm_add-tf"
            },
            "machine_type": "e2-standard-2",
            "metadata": {
              "ssh-keys": "mahesa:ssh-rsa AAAAB3NzaC1yc2EAAAADAQABAAABgQDA76Y/Okp4GOSH8/HMWqtaZVmDjRh+VemyhQdJNqORBiCcvDSyg47hrcLA9QuINq62MmbN+Trp0gbmXeQHsoB2frdTTdljArwQ7fJCxXKUnKuXXOzjKMGdkIClS8E2R+Gqd0SmfVG+5FTpZHJFSNrrf4Kw0UgzP6i0MBUtDqWr6dScXq1CimMnaepiNG01WqVe6SbQlEkwPnjVX/NvArx0biAfIIYdqF21cBP7z4R6rpaK59N1z+htKUdpR86Rqj9kEd32oJSIGogasjQDg4LS8IlgYtHqRERJL4Fl7Pwvn4QUzTEFK/czZHCC7SV6e0vn3e6JHe2vqcoPyvSm3AlA2hAH0DGiK+tLwtunuDEvLfeqwFD3UQftXjqMbTDKgkDVgElSqFyBR1c6BP3eBMJcwRX+bKmUarXoZCtBTfIW0MFJOThEaCIYklSYSxzyealVACleE7gdWPnzXuIrTHap3t1CbSlN2WV8VjlqswZ4MFlH7CHvQh4SvRIYpdQUzB8= mahesa@DESKTOP-8P2CMLF"
            },
            "metadata_fingerprint": "E4RBYdMdwxY=",
            "metadata_startup_script": null,
            "min_cpu_platform": "",
            "name": "mahe-axiata",
            "network_interface": [
              {
                "access_config": [
                  {
                    "nat_ip": "34.125.161.74",
                    "network_tier": "PREMIUM",
                    "public_ptr_domain_name": ""
                  }
                ],
                "alias_ip_range": [],
                "ipv6_access_config": [],
                "ipv6_access_type": "",
                "name": "nic0",
                "network": "https://www.googleapis.com/compute/v1/projects/fluid-tuner-391713/global/networks/default",
                "network_ip": "10.182.0.8",
                "nic_type": "",
                "queue_count": 0,
                "stack_type": "IPV4_ONLY",
                "subnetwork": "https://www.googleapis.com/compute/v1/projects/fluid-tuner-391713/regions/us-west4/subnetworks/default",
                "subnetwork_project": "fluid-tuner-391713"
              }
            ],
            "network_performance_config": [],
            "params": [],
            "project": "fluid-tuner-391713",
            "reservation_affinity": [],
            "resource_policies": null,
            "scheduling": [
              {
                "automatic_restart": true,
                "instance_termination_action": "",
                "min_node_cpus": 0,
                "node_affinities": [],
                "on_host_maintenance": "MIGRATE",
                "preemptible": false,
                "provisioning_model": "STANDARD"
              }
            ],
            "scratch_disk": [],
            "self_link": "https://www.googleapis.com/compute/v1/projects/fluid-tuner-391713/zones/us-west4-b/instances/mahe-axiata",
            "service_account": [
              {
                "email": "31922766302-compute@developer.gserviceaccount.com",
                "scopes": [
                  "https://www.googleapis.com/auth/devstorage.read_only",
                  "https://www.googleapis.com/auth/logging.write",
                  "https://www.googleapis.com/auth/monitoring.write",
                  "https://www.googleapis.com/auth/service.management.readonly",
                  "https://www.googleapis.com/auth/servicecontrol",
                  "https://www.googleapis.com/auth/trace.append"
                ]
              }
            ],
            "shielded_instance_config": [
              {
                "enable_integrity_monitoring": true,
                "enable_secure_boot": false,
                "enable_vtpm": true
              }
            ],
            "tags": [
              "http-server",
              "https-server"
            ],
            "tags_fingerprint": "6smc4R4d39I=",
            "timeouts": null,
            "zone": "us-west4-b"
          },
          "sensitive_attributes": [],
          "private": "eyJlMmJmYjczMC1lY2FhLTExZTYtOGY4OC0zNDM2M2JjN2M0YzAiOnsiY3JlYXRlIjoxMjAwMDAwMDAwMDAwLCJkZWxldGUiOjEyMDAwMDAwMDAwMDAsInVwZGF0ZSI6MTIwMDAwMDAwMDAwMH0sInNjaGVtYV92ZXJzaW9uIjoiNiJ9"
        }
      ]
    }
  ],
  "check_results": null
}
