{
  "version": 4,
  "terraform_version": "1.5.3",
  "serial": 3,
  "lineage": "afb733d3-d914-d72b-cabe-fcdb5a3f079e",
  "outputs": {},
  "resources": [
    {
      "mode": "managed",
      "type": "idcloudhost_floating_ip",
      "name": "ipsatu",
      "provider": "provider[\"registry.terraform.io/bapung/idcloudhost\"]",
      "instances": [
        {
          "schema_version": 0,
          "attributes": {
            "address": "103.191.92.108",
            "assigned_to": "4cf25b71-260c-4513-aabd-3f324d6e6f73",
            "billing_account_id": 31344,
            "created_at": "2023-07-28 02:42:14",
            "enabled": true,
            "id": "103.191.92.108",
            "name": "appserverIP",
            "network_id": "",
            "timeouts": null,
            "type": "public",
            "updated_at": "2023-07-28 02:42:15",
            "user_id": 31344
          },
          "sensitive_attributes": [],
          "private": "eyJlMmJmYjczMC1lY2FhLTExZTYtOGY4OC0zNDM2M2JjN2M0YzAiOnsiY3JlYXRlIjozMDAwMDAwMDAwMDB9fQ==",
          "dependencies": [
            "idcloudhost_vm.app"
          ]
        }
      ]
    },
    {
      "mode": "managed",
      "type": "idcloudhost_vm",
      "name": "app",
      "provider": "provider[\"registry.terraform.io/bapung/idcloudhost\"]",
      "instances": [
        {
          "schema_version": 0,
          "attributes": {
            "backup": false,
            "billing_account_id": 1200157626,
            "created_at": "2023-07-28 02:40:50",
            "description": "",
            "disks": 20,
            "hostname": "mahesa-appserver",
            "hypervisor_id": "",
            "id": "4cf25b71-260c-4513-aabd-3f324d6e6f73",
            "initial_password": "Mahesa123",
            "mac": "52:54:00:c2:a9:a9",
            "memory": 2048,
            "name": "mahesa-appserver",
            "os_name": "ubuntu",
            "os_version": "20.04",
            "private_ipv4": "10.71.15.237",
            "public_key": "ssh-rsa AAAAB3NzaC1yc2EAAAADAQABAAABgQDA76Y/Okp4GOSH8/HMWqtaZVmDjRh+VemyhQdJNqORBiCcvDSyg47hrcLA9QuINq62MmbN+Trp0gbmXeQHsoB2frdTTdljArwQ7fJCxXKUnKuXXOzjKMGdkIClS8E2R+Gqd0SmfVG+5FTpZHJFSNrrf4Kw0UgzP6i0MBUtDqWr6dScXq1CimMnaepiNG01WqVe6SbQlEkwPnjVX/NvArx0biAfIIYdqF21cBP7z4R6rpaK59N1z+htKUdpR86Rqj9kEd32oJSIGogasjQDg4LS8IlgYtHqRERJL4Fl7Pwvn4QUzTEFK/czZHCC7SV6e0vn3e6JHe2vqcoPyvSm3AlA2hAH0DGiK+tLwtunuDEvLfeqwFD3UQftXjqMbTDKgkDVgElSqFyBR1c6BP3eBMJcwRX+bKmUarXoZCtBTfIW0MFJOThEaCIYklSYSxzyealVACleE7gdWPnzXuIrTHap3t1CbSlN2WV8VjlqswZ4MFlH7CHvQh4SvRIYpdQUzB8= mahesa@DESKTOP-8P2CMLF",
            "source_replica": null,
            "source_uuid": null,
            "status": "running",
            "storage": [
              {
                "created_at": "2023-07-28 02:40:53",
                "id": 0,
                "name": "vda",
                "pool": "n/a",
                "primary": true,
                "replica": [],
                "shared": false,
                "size": 20,
                "type": "n/a",
                "updated_at": "",
                "user_id": 31344,
                "uuid": "802136ef-f393-406b-9e15-66dd46278a86"
              }
            ],
            "tags": [],
            "timeouts": null,
            "updated_at": "2023-07-28 02:42:11",
            "user_id": 31344,
            "username": "mahesa",
            "uuid": "4cf25b71-260c-4513-aabd-3f324d6e6f73",
            "vcpu": 2
          },
          "sensitive_attributes": [],
          "private": "eyJlMmJmYjczMC1lY2FhLTExZTYtOGY4OC0zNDM2M2JjN2M0YzAiOnsiY3JlYXRlIjozMDAwMDAwMDAwMDB9fQ=="
        }
      ]
    }
  ],
  "check_results": null
}
