{
  "version": 4,
  "terraform_version": "1.5.3",
  "serial": 18,
  "lineage": "30dbb2ee-54fe-6cf7-4714-f9ab8d923460",
  "outputs": {
    "public_ip_app": {
      "value": "34.124.240.199",
      "type": "string"
    },
    "public_ip_gate": {
      "value": "34.124.240.199",
      "type": "string"
    }
  },
  "resources": [
    {
      "mode": "managed",
      "type": "google_compute_address",
      "name": "static",
      "provider": "provider[\"registry.terraform.io/hashicorp/google\"]",
      "instances": [
        {
          "schema_version": 0,
          "attributes": {
            "address": "34.124.240.199",
            "address_type": "EXTERNAL",
            "creation_timestamp": "2023-09-25T19:36:31.032-07:00",
            "description": "",
            "id": "projects/sapient-visitor-398015/regions/asia-southeast1/addresses/ipv4-address",
            "ip_version": "",
            "ipv6_endpoint_type": "",
            "name": "ipv4-address",
            "network": "",
            "network_tier": "PREMIUM",
            "prefix_length": 0,
            "project": "sapient-visitor-398015",
            "purpose": "",
            "region": "asia-southeast1",
            "self_link": "https://www.googleapis.com/compute/v1/projects/sapient-visitor-398015/regions/asia-southeast1/addresses/ipv4-address",
            "subnetwork": "",
            "timeouts": null,
            "users": []
          },
          "sensitive_attributes": [],
          "private": "eyJlMmJmYjczMC1lY2FhLTExZTYtOGY4OC0zNDM2M2JjN2M0YzAiOnsiY3JlYXRlIjoxMjAwMDAwMDAwMDAwLCJkZWxldGUiOjEyMDAwMDAwMDAwMDB9fQ=="
        }
      ]
    },
    {
      "mode": "managed",
      "type": "google_compute_firewall",
      "name": "allow-firewall",
      "provider": "provider[\"registry.terraform.io/hashicorp/google\"]",
      "instances": [
        {
          "schema_version": 1,
          "attributes": {
            "allow": [
              {
                "ports": [
                  "0-65535"
                ],
                "protocol": "tcp"
              }
            ],
            "creation_timestamp": "2023-09-25T19:59:06.052-07:00",
            "deny": [],
            "description": "",
            "destination_ranges": [],
            "direction": "INGRESS",
            "disabled": false,
            "enable_logging": null,
            "id": "projects/sapient-visitor-398015/global/firewalls/allow-firewall",
            "log_config": [],
            "name": "allow-firewall",
            "network": "https://www.googleapis.com/compute/v1/projects/sapient-visitor-398015/global/networks/mahe-network",
            "priority": 1000,
            "project": "sapient-visitor-398015",
            "self_link": "https://www.googleapis.com/compute/v1/projects/sapient-visitor-398015/global/firewalls/allow-firewall",
            "source_ranges": [
              "0.0.0.0/0"
            ],
            "source_service_accounts": null,
            "source_tags": null,
            "target_service_accounts": null,
            "target_tags": null,
            "timeouts": null
          },
          "sensitive_attributes": [],
          "private": "eyJlMmJmYjczMC1lY2FhLTExZTYtOGY4OC0zNDM2M2JjN2M0YzAiOnsiY3JlYXRlIjoxMjAwMDAwMDAwMDAwLCJkZWxldGUiOjEyMDAwMDAwMDAwMDAsInVwZGF0ZSI6MTIwMDAwMDAwMDAwMH0sInNjaGVtYV92ZXJzaW9uIjoiMSJ9",
          "dependencies": [
            "google_compute_network.vpc_network"
          ]
        }
      ]
    },
    {
      "mode": "managed",
      "type": "google_compute_instance",
      "name": "mahe-app",
      "provider": "provider[\"registry.terraform.io/hashicorp/google\"]",
      "instances": [
        {
          "schema_version": 6,
          "attributes": {
            "advanced_machine_features": [],
            "allow_stopping_for_update": true,
            "attached_disk": [],
            "boot_disk": [
              {
                "auto_delete": true,
                "device_name": "persistent-disk-0",
                "disk_encryption_key_raw": "",
                "disk_encryption_key_sha256": "",
                "initialize_params": [
                  {
                    "image": "https://www.googleapis.com/compute/v1/projects/ubuntu-os-cloud/global/images/ubuntu-2004-focal-v20230918",
                    "labels": {},
                    "resource_manager_tags": null,
                    "size": 10,
                    "type": "pd-standard"
                  }
                ],
                "kms_key_self_link": "",
                "mode": "READ_WRITE",
                "source": "https://www.googleapis.com/compute/v1/projects/sapient-visitor-398015/zones/asia-southeast1-a/disks/mahe-app"
              }
            ],
            "can_ip_forward": false,
            "confidential_instance_config": [],
            "cpu_platform": "Intel Broadwell",
            "current_status": "RUNNING",
            "deletion_protection": false,
            "description": "",
            "desired_status": null,
            "enable_display": false,
            "guest_accelerator": [],
            "hostname": "",
            "id": "projects/sapient-visitor-398015/zones/asia-southeast1-a/instances/mahe-app",
            "instance_id": "944934258999293460",
            "label_fingerprint": "42WmSpB8rSM=",
            "labels": null,
            "machine_type": "e2-standard-4",
            "metadata": {
              "ssh-keys": "ssh-rsa AAAAB3NzaC1yc2EAAAADAQABAAABgQDFFuaTl/8mDxf7d4vx0dkcGE7NAX2jim/P76m2KyceDkrjW/MwA3YBK61Y/KJ/ADN/HQ4eonBA3xUdaYeBq//ZPI6cq/9k8tnuIWO3hTuJ8B1nKFltT7ir1jHzo9lOaVZANPCSXAmyicvhOot7/vFfkpoftv8fzPhUUhbrwtJeAWptC8b22oui71hVDAhOoY32eUTGmPLrvtMXFZqL3cobAe+wI8rYQ4PlRJEN1yvHn80UUs0U4ILtmDudFeyqvy4Z7zAj+KDJwmllbyky1QA9ukp/Ot8dVG5IQAf+ee9pQ3gsQUoefJlvy2IVCZDENvW5PeaT7XpteDGFfPe29++7SY1w0t7lHM4Yhwp0XEoTpDFUQJ2Qkf+9EvStoe6Q+wOFNHHRSQ9BwbBlym5hfkssgKx55M6qecn107AKXfYit67mdtuaZu86TiQqZMzqrA0VwL/N+qUr7E1gn/+bf4zopzscRQTOJnNkkkCQssn3AOCcuA7zBa512kqhU0jYV0U= mahesa@DESKTOP-8P2CMLF"
            },
            "metadata_fingerprint": "Qk4mWqHlLAo=",
            "metadata_startup_script": null,
            "min_cpu_platform": "",
            "name": "mahe-app",
            "network_interface": [
              {
                "access_config": [
                  {
                    "nat_ip": "34.124.240.199",
                    "network_tier": "PREMIUM",
                    "public_ptr_domain_name": ""
                  }
                ],
                "alias_ip_range": [],
                "internal_ipv6_prefix_length": 0,
                "ipv6_access_config": [],
                "ipv6_access_type": "",
                "ipv6_address": "",
                "name": "nic0",
                "network": "https://www.googleapis.com/compute/v1/projects/sapient-visitor-398015/global/networks/mahe-network",
                "network_ip": "10.148.0.2",
                "nic_type": "",
                "queue_count": 0,
                "stack_type": "IPV4_ONLY",
                "subnetwork": "https://www.googleapis.com/compute/v1/projects/sapient-visitor-398015/regions/asia-southeast1/subnetworks/mahe-network",
                "subnetwork_project": "sapient-visitor-398015"
              }
            ],
            "network_performance_config": [],
            "params": [],
            "project": "sapient-visitor-398015",
            "reservation_affinity": [],
            "resource_policies": null,
            "scheduling": [
              {
                "automatic_restart": true,
                "instance_termination_action": "",
                "local_ssd_recovery_timeout": [],
                "min_node_cpus": 0,
                "node_affinities": [],
                "on_host_maintenance": "MIGRATE",
                "preemptible": false,
                "provisioning_model": "STANDARD"
              }
            ],
            "scratch_disk": [],
            "self_link": "https://www.googleapis.com/compute/v1/projects/sapient-visitor-398015/zones/asia-southeast1-a/instances/mahe-app",
            "service_account": [],
            "shielded_instance_config": [
              {
                "enable_integrity_monitoring": true,
                "enable_secure_boot": false,
                "enable_vtpm": true
              }
            ],
            "tags": null,
            "tags_fingerprint": "42WmSpB8rSM=",
            "timeouts": null,
            "zone": "asia-southeast1-a"
          },
          "sensitive_attributes": [],
          "private": "eyJlMmJmYjczMC1lY2FhLTExZTYtOGY4OC0zNDM2M2JjN2M0YzAiOnsiY3JlYXRlIjoxMjAwMDAwMDAwMDAwLCJkZWxldGUiOjEyMDAwMDAwMDAwMDAsInVwZGF0ZSI6MTIwMDAwMDAwMDAwMH0sInNjaGVtYV92ZXJzaW9uIjoiNiJ9",
          "dependencies": [
            "google_compute_address.static",
            "google_compute_network.vpc_network"
          ]
        }
      ]
    },
    {
      "mode": "managed",
      "type": "google_compute_network",
      "name": "vpc_network",
      "provider": "provider[\"registry.terraform.io/hashicorp/google\"]",
      "instances": [
        {
          "schema_version": 0,
          "attributes": {
            "auto_create_subnetworks": true,
            "delete_default_routes_on_create": false,
            "description": "",
            "enable_ula_internal_ipv6": false,
            "gateway_ipv4": "",
            "id": "projects/sapient-visitor-398015/global/networks/mahe-network",
            "internal_ipv6_range": "",
            "mtu": 1460,
            "name": "mahe-network",
            "network_firewall_policy_enforcement_order": "AFTER_CLASSIC_FIREWALL",
            "project": "sapient-visitor-398015",
            "routing_mode": "REGIONAL",
            "self_link": "https://www.googleapis.com/compute/v1/projects/sapient-visitor-398015/global/networks/mahe-network",
            "timeouts": null
          },
          "sensitive_attributes": [],
          "private": "eyJlMmJmYjczMC1lY2FhLTExZTYtOGY4OC0zNDM2M2JjN2M0YzAiOnsiY3JlYXRlIjoxMjAwMDAwMDAwMDAwLCJkZWxldGUiOjEyMDAwMDAwMDAwMDAsInVwZGF0ZSI6MTIwMDAwMDAwMDAwMH19"
        }
      ]
    }
  ],
  "check_results": null
}
