{
  "version": 4,
  "terraform_version": "1.5.3",
  "serial": 3,
  "lineage": "1317dc5f-1438-6a16-f682-ee2f6f7fde2c",
  "outputs": {},
  "resources": [
    {
      "mode": "managed",
      "type": "idcloudhost_floating_ip",
      "name": "ipdua",
      "provider": "provider[\"registry.terraform.io/bapung/idcloudhost\"]",
      "instances": [
        {
          "schema_version": 0,
          "attributes": {
            "address": "103.174.114.60",
            "assigned_to": "3fcf5dd0-4daa-4f75-b354-05925c5442c9",
            "billing_account_id": 31344,
            "created_at": "2023-07-28 02:55:44",
            "enabled": true,
            "id": "103.174.114.60",
            "name": "gatewayIP",
            "network_id": "",
            "timeouts": null,
            "type": "public",
            "updated_at": "2023-07-28 02:55:46",
            "user_id": 31344
          },
          "sensitive_attributes": [],
          "private": "eyJlMmJmYjczMC1lY2FhLTExZTYtOGY4OC0zNDM2M2JjN2M0YzAiOnsiY3JlYXRlIjozMDAwMDAwMDAwMDB9fQ==",
          "dependencies": [
            "idcloudhost_vm.gate"
          ]
        }
      ]
    },
    {
      "mode": "managed",
      "type": "idcloudhost_vm",
      "name": "gate",
      "provider": "provider[\"registry.terraform.io/bapung/idcloudhost\"]",
      "instances": [
        {
          "schema_version": 0,
          "attributes": {
            "backup": false,
            "billing_account_id": 1200157626,
            "created_at": "2023-07-28 02:54:07",
            "description": "",
            "disks": 20,
            "hostname": "mahesa-gateway",
            "hypervisor_id": "",
            "id": "3fcf5dd0-4daa-4f75-b354-05925c5442c9",
            "initial_password": "Mahesa123",
            "mac": "52:54:00:6c:6a:4f",
            "memory": 1024,
            "name": "mahesa-gateway",
            "os_name": "ubuntu",
            "os_version": "20.04",
            "private_ipv4": "10.71.15.243",
            "public_key": "ssh-rsa AAAAB3NzaC1yc2EAAAADAQABAAABgQDA76Y/Okp4GOSH8/HMWqtaZVmDjRh+VemyhQdJNqORBiCcvDSyg47hrcLA9QuINq62MmbN+Trp0gbmXeQHsoB2frdTTdljArwQ7fJCxXKUnKuXXOzjKMGdkIClS8E2R+Gqd0SmfVG+5FTpZHJFSNrrf4Kw0UgzP6i0MBUtDqWr6dScXq1CimMnaepiNG01WqVe6SbQlEkwPnjVX/NvArx0biAfIIYdqF21cBP7z4R6rpaK59N1z+htKUdpR86Rqj9kEd32oJSIGogasjQDg4LS8IlgYtHqRERJL4Fl7Pwvn4QUzTEFK/czZHCC7SV6e0vn3e6JHe2vqcoPyvSm3AlA2hAH0DGiK+tLwtunuDEvLfeqwFD3UQftXjqMbTDKgkDVgElSqFyBR1c6BP3eBMJcwRX+bKmUarXoZCtBTfIW0MFJOThEaCIYklSYSxzyealVACleE7gdWPnzXuIrTHap3t1CbSlN2WV8VjlqswZ4MFlH7CHvQh4SvRIYpdQUzB8= mahesa@DESKTOP-8P2CMLF",
            "source_replica": null,
            "source_uuid": null,
            "status": "running",
            "storage": [
              {
                "created_at": "2023-07-28 02:54:10",
                "id": 0,
                "name": "vda",
                "pool": "n/a",
                "primary": true,
                "replica": [],
                "shared": false,
                "size": 20,
                "type": "n/a",
                "updated_at": "",
                "user_id": 31344,
                "uuid": "1a939168-e3ee-4934-b321-e61c303ca059"
              }
            ],
            "tags": [],
            "timeouts": null,
            "updated_at": "2023-07-28 02:55:40",
            "user_id": 31344,
            "username": "mahesa",
            "uuid": "3fcf5dd0-4daa-4f75-b354-05925c5442c9",
            "vcpu": 2
          },
          "sensitive_attributes": [],
          "private": "eyJlMmJmYjczMC1lY2FhLTExZTYtOGY4OC0zNDM2M2JjN2M0YzAiOnsiY3JlYXRlIjozMDAwMDAwMDAwMDB9fQ=="
        }
      ]
    }
  ],
  "check_results": null
}
