{
  "version": 4,
  "terraform_version": "1.5.3",
  "serial": 3,
  "lineage": "f937f1b8-cdc9-47f1-f61b-36ccb4edc6e7",
  "outputs": {},
  "resources": [
    {
      "mode": "managed",
      "type": "alicloud_instance",
      "name": "instance",
      "provider": "provider[\"registry.terraform.io/aliyun/alicloud\"]",
      "instances": [
        {
          "schema_version": 0,
          "attributes": {
            "allocate_public_ip": null,
            "auto_release_time": "",
            "auto_renew_period": null,
            "availability_zone": "ap-southeast-5b",
            "cpu": 1,
            "credit_specification": "Standard",
            "data_disks": [],
            "dedicated_host_id": "",
            "deletion_protection": false,
            "deployment_set_group_no": null,
            "deployment_set_id": "",
            "description": "",
            "dry_run": false,
            "force_delete": null,
            "host_name": "root",
            "hpc_cluster_id": "",
            "http_endpoint": "",
            "http_put_response_hop_limit": 0,
            "http_tokens": "",
            "id": "i-k1a11xx19406woz0k0ba",
            "image_id": "ubuntu_20_04_x64_20G_alibase_20210128.vhd",
            "include_data_disks": null,
            "instance_charge_type": "PostPaid",
            "instance_name": "devops2",
            "instance_type": "ecs.t5-lc1m1.small",
            "internet_charge_type": "PayByBandwidth",
            "internet_max_bandwidth_in": 200,
            "internet_max_bandwidth_out": 1,
            "io_optimized": null,
            "ipv6_address_count": 0,
            "ipv6_addresses": [],
            "is_outdated": null,
            "key_name": "",
            "kms_encrypted_password": null,
            "kms_encryption_context": null,
            "maintenance_action": "AutoRecover",
            "maintenance_notify": false,
            "maintenance_time": [],
            "memory": 1024,
            "network_interface_id": "eni-k1a7qcm525rn9v3cd2h5",
            "operator_type": null,
            "os_name": "Ubuntu  20.04 64位",
            "os_type": "linux",
            "password": "JNEd3v0p5",
            "period": null,
            "period_unit": null,
            "primary_ip_address": "172.172.172.175",
            "private_ip": "172.172.172.175",
            "public_ip": "147.139.183.93",
            "renewal_status": null,
            "resource_group_id": "",
            "role_name": "",
            "secondary_private_ip_address_count": 0,
            "secondary_private_ips": [],
            "security_enhancement_strategy": null,
            "security_groups": [
              "sg-k1abtxzaa4vs46soxo23"
            ],
            "spot_duration": 0,
            "spot_price_limit": 0,
            "spot_strategy": "NoSpot",
            "status": "Running",
            "stopped_mode": "Not-applicable",
            "subnet_id": "vsw-k1a91pkky5vdbieu1gj5z",
            "system_disk_auto_snapshot_policy_id": "",
            "system_disk_category": "cloud_efficiency",
            "system_disk_description": "",
            "system_disk_encrypt_algorithm": null,
            "system_disk_encrypted": false,
            "system_disk_id": "d-k1a14ctbc159s4byd39o",
            "system_disk_kms_key_id": "",
            "system_disk_name": "",
            "system_disk_performance_level": "",
            "system_disk_size": 20,
            "system_disk_storage_cluster_id": "",
            "tags": {},
            "timeouts": null,
            "user_data": null,
            "volume_tags": {},
            "vswitch_id": "vsw-k1a91pkky5vdbieu1gj5z"
          },
          "sensitive_attributes": [],
          "private": "eyJlMmJmYjczMC1lY2FhLTExZTYtOGY4OC0zNDM2M2JjN2M0YzAiOnsiY3JlYXRlIjo2MDAwMDAwMDAwMDAsImRlbGV0ZSI6MTIwMDAwMDAwMDAwMCwidXBkYXRlIjo2MDAwMDAwMDAwMDB9fQ=="
        }
      ]
    }
  ],
  "check_results": null
}
